# This file is automatically @generated by Cargo.
# It is not intended for manual editing.
version = 3

[[package]]
name = "board_interface"
version = "0.1.0"
dependencies = [
 "rev1",
]

[[package]]
name = "cfg-if"
version = "1.0.0"
source = "registry+https://github.com/rust-lang/crates.io-index"
checksum = "baf1de4339761588bc0619e3cbc0120ee582ebb74b53b4efbf79117bd2da40fd"

[[package]]
name = "de1_soc_ftd2xx"
version = "0.1.0"
dependencies = [
 "rev1",
]

[[package]]
name = "de1_soc_top"
version = "0.1.0"
dependencies = [
 "rev1",
]

[[package]]
name = "ftdi-mpsse"
version = "0.1.1"
source = "registry+https://github.com/rust-lang/crates.io-index"
checksum = "fa7cfcda69930a8d2fdcdd7ffb9234fe4c79a8c73934ed4904327d77bfb5078a"
dependencies = [
 "static_assertions",
]

[[package]]
name = "libftd2xx"
version = "0.32.3"
source = "registry+https://github.com/rust-lang/crates.io-index"
checksum = "eb8ccefefda61630a66a012d32e8127d14b135ef248db7aab868b068c4162acc"
dependencies = [
 "ftdi-mpsse",
 "libftd2xx-ffi",
 "log",
 "paste",
 "static_assertions",
]

[[package]]
name = "libftd2xx-ffi"
version = "0.8.6"
source = "registry+https://github.com/rust-lang/crates.io-index"
checksum = "40bed7f53ea45282e0e4f1361d1a8094e62abe0ccfd9a6dbf7e3db932b2789ce"
dependencies = [
 "cfg-if",
]

[[package]]
name = "log"
version = "0.4.20"
source = "registry+https://github.com/rust-lang/crates.io-index"
checksum = "b5e6163cb8c49088c2c36f57875e58ccd8c87c7427f7fbd50ea6710b2f3f2e8f"

[[package]]
name = "paste"
version = "1.0.14"
source = "registry+https://github.com/rust-lang/crates.io-index"
checksum = "de3145af08024dea9fa9914f381a17b8fc6034dfb00f3a84013f7ff43f29ed4c"

[[package]]
name = "rev1"
version = "0.1.0"
dependencies = [
 "libftd2xx",
]

[[package]]
name = "static_assertions"
version = "1.1.0"
source = "registry+https://github.com/rust-lang/crates.io-index"
checksum = "a2eb9349b6444b326872e140eb1cf5e7c522154d69e7a0ffb0fb81c06b37543f"

[[package]]
name = "two_boards"
version = "0.1.0"
dependencies = [
 "rev1",
]
